github.com/davecgh/go-spew v1.1.0 h1:ZDRjVQ15GmhC3fiQ8ni8+OwkZQO4DARzQgrnXU1Liz8=
github.com/davecgh/go-spew v1.1.0/go.mod h1:J7Y8YcW2NihsgmVo/mv3lAwl/skON4iLHjSsI+c5H38=
github.com/go-gl/gl v0.0.0-20210315015930-ae072cafe09d h1:o81yRlBATU4PRn97lydmsq8hTRNXI4wlR/VvUQhFRVY=
github.com/go-gl/gl v0.0.0-20210315015930-ae072cafe09d/go.mod h1:482civXOzJJCPzJ4ZOX/pwvXBWSnzD4OKMdH4ClKGbk=
github.com/go-gl/glfw v0.0.0-20210311203641-62640a716d48 h1:2Ql7UigDMdlF+Ii12kdox7RKw3J1+uGhXn9FyYbbd20=
github.com/go-gl/glfw v0.0.0-20210311203641-62640a716d48/go.mod h1:vR7hzQXu2zJy9AVAgeJqvqgH9Q5CA+iKCZ2gyEVpxRU=
github.com/inkyblackness/imgui-go v1.12.0 h1:uaxSM5SbbqCTGEx5ig7B2J78hM3g3az4f5NC6b4J7lY=
github.com/inkyblackness/imgui-go v1.12.0/go.mod h1:S9wTWrw/HfxYPbOnqsbck9A6mxHRauv+Sy+bz5+BQwc=
github.com/jgillich/go-opencl v0.0.0-20180608191952-a0efba3e5257 h1:CBOaGRHrueOBsM7vclAiWv4aecXkEAjGfYPGPgM9AdU=
github.com/jgillich/go-opencl v0.0.0-20180608191952-a0efba3e5257/go.mod h1:zVb9psSAj+VpRI2Kp8J9sG437/VkNvl+l3dBMAUmGi4=
github.com/pmezard/go-difflib v1.0.0 h1:4DBwDE0NGyQoBHbLQYPwSUPoCMWR5BEzIk/f1lZbAQM=
github.com/pmezard/go-difflib v1.0.0/go.mod h1:iKH77koFhYxTK1pcRnkKkqfTogsbg7gZNVY4sRDYZ/4=
github.com/stretchr/objx v0.1.0/go.mod h1:HFkY916IF+rwdDfMAkV7OtwuqBVzrE8GR6GFx+wExME=
github.com/stretchr/testify v1.3.0 h1:TivCn/peBQ7UY8ooIcPgZFpTNSz0Q2U6UrFlUfqbe0Q=
github.com/stretchr/testify v1.3.0/go.mod h1:M5WIy9Dh21IEIfnGCwXGc5bZfKNJtfHm1UVUgZn+9EI=
